
Microsoft Visual Studio Solution File, Format Version 12.00
# Visual Studio Version 17
VisualStudioVersion = 17.7.34031.279
MinimumVisualStudioVersion = 10.0.40219.1
Project("{9A19103F-16F7-4668-BE54-9A1E7A4F7556}") = "MagicVillaAPI", "MagicVillaAPI\MagicVillaAPI.csproj", "{5E3428C3-EC99-4E62-B439-BA77D948A0D8}"
EndProject
Project("{9A19103F-16F7-4668-BE54-9A1E7A4F7556}") = "HotelBookingAPI", "..\HotelBookingAPI\HotelBookingAPI\HotelBookingAPI.csproj", "{79922A35-4178-4FAD-B9F9-D2B85ADE81B3}"
EndProject
Project("{FAE04EC0-301F-11D3-BF4B-00C04F79EFBC}") = "ApiGateway", "ApiGateway\ApiGateway.csproj", "{60AB6321-F18F-4E08-BC77-338197BF85D6}"
EndProject
Global
	GlobalSection(SolutionConfigurationPlatforms) = preSolution
		Debug|Any CPU = Debug|Any CPU
		Release|Any CPU = Release|Any CPU
	EndGlobalSection
	GlobalSection(ProjectConfigurationPlatforms) = postSolution
		{5E3428C3-EC99-4E62-B439-BA77D948A0D8}.Debug|Any CPU.ActiveCfg = Debug|Any CPU
		{5E3428C3-EC99-4E62-B439-BA77D948A0D8}.Debug|Any CPU.Build.0 = Debug|Any CPU
		{5E3428C3-EC99-4E62-B439-BA77D948A0D8}.Release|Any CPU.ActiveCfg = Release|Any CPU
		{5E3428C3-EC99-4E62-B439-BA77D948A0D8}.Release|Any CPU.Build.0 = Release|Any CPU
		{79922A35-4178-4FAD-B9F9-D2B85ADE81B3}.Debug|Any CPU.ActiveCfg = Debug|Any CPU
		{79922A35-4178-4FAD-B9F9-D2B85ADE81B3}.Debug|Any CPU.Build.0 = Debug|Any CPU
		{79922A35-4178-4FAD-B9F9-D2B85ADE81B3}.Release|Any CPU.ActiveCfg = Release|Any CPU
		{79922A35-4178-4FAD-B9F9-D2B85ADE81B3}.Release|Any CPU.Build.0 = Release|Any CPU
		{60AB6321-F18F-4E08-BC77-338197BF85D6}.Debug|Any CPU.ActiveCfg = Debug|Any CPU
		{60AB6321-F18F-4E08-BC77-338197BF85D6}.Debug|Any CPU.Build.0 = Debug|Any CPU
		{60AB6321-F18F-4E08-BC77-338197BF85D6}.Release|Any CPU.ActiveCfg = Release|Any CPU
		{60AB6321-F18F-4E08-BC77-338197BF85D6}.Release|Any CPU.Build.0 = Release|Any CPU
	EndGlobalSection
	GlobalSection(SolutionProperties) = preSolution
		HideSolutionNode = FALSE
	EndGlobalSection
	GlobalSection(ExtensibilityGlobals) = postSolution
		SolutionGuid = {26142DEA-99F7-49A6-8618-E1024AD1A139}
	EndGlobalSection
EndGlobal
